{
  "requires": true,
  "lockfileVersion": 1,
  "dependencies": {
    "axios": {
      "version": "0.21.1",
      "resolved": "https://registry.npmjs.org/axios/-/axios-0.21.1.tgz",
      "integrity": "sha512-dKQiRHxGD9PPRIUNIWvZhPTPpl1rf/OxTYKsqKUDjBwYylTvV7SjSHJb9ratfyzM6wCdLCOYLzs73qpg5c4iGA==",
      "requires": {
        "follow-redirects": "^1.10.0"
      }
    },
    "follow-redirects": {
      "version": "1.14.1",
      "resolved": "https://registry.npmjs.org/follow-redirects/-/follow-redirects-1.14.1.tgz",
      "integrity": "sha512-HWqDgT7ZEkqRzBvc2s64vSZ/hfOceEol3ac/7tKwzuvEyWx3/4UegXh5oBOIotkGsObyk3xznnSRVADBgWSQVg=="
    },
    "sweetalert2": {
      "version": "11.0.20",
      "resolved": "https://registry.npmjs.org/sweetalert2/-/sweetalert2-11.0.20.tgz",
      "integrity": "sha512-htNVn/7IDNfqSLo8m50s0Y7FkgAjng7NnQbvi5p1e4ydxByjiiNgpWhSThgiCRFYMzIaSEuOam2d4Sq9FbVyfA=="
    }
  }
}
